
Microsoft Visual Studio Solution File, Format Version 12.00
# Visual Studio Version 17
VisualStudioVersion = 17.9.34607.119
MinimumVisualStudioVersion = 10.0.40219.1
Project("{FAE04EC0-301F-11D3-BF4B-00C04F79EFBC}") = "BookingReservationSystem", "BookingReservationSystem\BookingReservationSystem.csproj", "{56EC6815-D286-449C-8486-D7B461FBA652}"
EndProject
Global
	GlobalSection(SolutionConfigurationPlatforms) = preSolution
		Debug|Any CPU = Debug|Any CPU
		Release|Any CPU = Release|Any CPU
	EndGlobalSection
	GlobalSection(ProjectConfigurationPlatforms) = postSolution
		{56EC6815-D286-449C-8486-D7B461FBA652}.Debug|Any CPU.ActiveCfg = Debug|Any CPU
		{56EC6815-D286-449C-8486-D7B461FBA652}.Debug|Any CPU.Build.0 = Debug|Any CPU
		{56EC6815-D286-449C-8486-D7B461FBA652}.Release|Any CPU.ActiveCfg = Release|Any CPU
		{56EC6815-D286-449C-8486-D7B461FBA652}.Release|Any CPU.Build.0 = Release|Any CPU
	EndGlobalSection
	GlobalSection(SolutionProperties) = preSolution
		HideSolutionNode = FALSE
	EndGlobalSection
	GlobalSection(ExtensibilityGlobals) = postSolution
		SolutionGuid = {720ECC0C-3265-4AF4-96F7-6620D9E5A6D6}
	EndGlobalSection
EndGlobal
